// !$*UTF8*$!
{
	archiveVersion = 1;
	classes = {
	};
	objectVersion = 56;
	objects = {

/* Begin PBXBuildFile section */
		8B2B3D2B2B03C256003EE977 /* RegistrationView.swift in Sources */ = {isa = PBXBuildFile; fileRef = 8B2B3D2A2B03C256003EE977 /* RegistrationView.swift */; };
		8B2B3D2D2B03C74C003EE977 /* RoleView.swift in Sources */ = {isa = PBXBuildFile; fileRef = 8B2B3D2C2B03C74C003EE977 /* RoleView.swift */; };
		8B2B3D2F2B03DEC2003EE977 /* RegistrationForProffesor.swift in Sources */ = {isa = PBXBuildFile; fileRef = 8B2B3D2E2B03DEC2003EE977 /* RegistrationForProffesor.swift */; };
		8B43E59D2B0257BC00AB5ACB /* GoogleService-Info.plist in Resources */ = {isa = PBXBuildFile; fileRef = 8B43E59C2B0257BB00AB5ACB /* GoogleService-Info.plist */; };
		8B43E59F2B0258A900AB5ACB /* LogIn.swift in Sources */ = {isa = PBXBuildFile; fileRef = 8B43E59E2B0258A900AB5ACB /* LogIn.swift */; };
		8B43E5A12B025B2B00AB5ACB /* Ubuntu-Regular.ttf in Resources */ = {isa = PBXBuildFile; fileRef = 8B43E5A02B025B1900AB5ACB /* Ubuntu-Regular.ttf */; };
		8B43E5A52B02656000AB5ACB /* Ubuntu-Bold.ttf in Resources */ = {isa = PBXBuildFile; fileRef = 8B43E5A42B02656000AB5ACB /* Ubuntu-Bold.ttf */; };
		8B61B1B22AFE80AC00A82E9D /* TimeTableAppStartApp.swift in Sources */ = {isa = PBXBuildFile; fileRef = 8B61B1B12AFE80AC00A82E9D /* TimeTableAppStartApp.swift */; };
		8B61B1B42AFE80AC00A82E9D /* ContentView.swift in Sources */ = {isa = PBXBuildFile; fileRef = 8B61B1B32AFE80AC00A82E9D /* ContentView.swift */; };
		8B61B1B62AFE80AE00A82E9D /* Assets.xcassets in Resources */ = {isa = PBXBuildFile; fileRef = 8B61B1B52AFE80AE00A82E9D /* Assets.xcassets */; };
		8B61B1B92AFE80AE00A82E9D /* Preview Assets.xcassets in Resources */ = {isa = PBXBuildFile; fileRef = 8B61B1B82AFE80AE00A82E9D /* Preview Assets.xcassets */; };
		8B61B1C32AFE891300A82E9D /* FirebaseAnalytics in Frameworks */ = {isa = PBXBuildFile; productRef = 8B61B1C22AFE891300A82E9D /* FirebaseAnalytics */; };
		8B61B1C52AFE891300A82E9D /* FirebaseAnalyticsOnDeviceConversion in Frameworks */ = {isa = PBXBuildFile; productRef = 8B61B1C42AFE891300A82E9D /* FirebaseAnalyticsOnDeviceConversion */; };
		8B61B1C72AFE891300A82E9D /* FirebaseAnalyticsSwift in Frameworks */ = {isa = PBXBuildFile; productRef = 8B61B1C62AFE891300A82E9D /* FirebaseAnalyticsSwift */; };
		8B61B1C92AFE891300A82E9D /* FirebaseAnalyticsWithoutAdIdSupport in Frameworks */ = {isa = PBXBuildFile; productRef = 8B61B1C82AFE891300A82E9D /* FirebaseAnalyticsWithoutAdIdSupport */; };
		8B61B1CB2AFE891300A82E9D /* FirebaseAppCheck in Frameworks */ = {isa = PBXBuildFile; productRef = 8B61B1CA2AFE891300A82E9D /* FirebaseAppCheck */; };
		8B61B1CD2AFE891300A82E9D /* FirebaseAppDistribution-Beta in Frameworks */ = {isa = PBXBuildFile; productRef = 8B61B1CC2AFE891300A82E9D /* FirebaseAppDistribution-Beta */; };
		8B61B1CF2AFE891300A82E9D /* FirebaseAuth in Frameworks */ = {isa = PBXBuildFile; productRef = 8B61B1CE2AFE891300A82E9D /* FirebaseAuth */; };
		8B61B1D12AFE891300A82E9D /* FirebaseAuthCombine-Community in Frameworks */ = {isa = PBXBuildFile; productRef = 8B61B1D02AFE891300A82E9D /* FirebaseAuthCombine-Community */; };
		8B61B1D32AFE891300A82E9D /* FirebaseCrashlytics in Frameworks */ = {isa = PBXBuildFile; productRef = 8B61B1D22AFE891300A82E9D /* FirebaseCrashlytics */; };
		8B61B1D52AFE891300A82E9D /* FirebaseDatabase in Frameworks */ = {isa = PBXBuildFile; productRef = 8B61B1D42AFE891300A82E9D /* FirebaseDatabase */; };
		8B61B1D72AFE891300A82E9D /* FirebaseDatabaseSwift in Frameworks */ = {isa = PBXBuildFile; productRef = 8B61B1D62AFE891300A82E9D /* FirebaseDatabaseSwift */; };
		8B61B1D92AFE891300A82E9D /* FirebaseDynamicLinks in Frameworks */ = {isa = PBXBuildFile; productRef = 8B61B1D82AFE891300A82E9D /* FirebaseDynamicLinks */; };
		8B61B1DB2AFE891300A82E9D /* FirebaseFirestore in Frameworks */ = {isa = PBXBuildFile; productRef = 8B61B1DA2AFE891300A82E9D /* FirebaseFirestore */; };
		8B61B1DD2AFE891300A82E9D /* FirebaseFirestoreCombine-Community in Frameworks */ = {isa = PBXBuildFile; productRef = 8B61B1DC2AFE891300A82E9D /* FirebaseFirestoreCombine-Community */; };
		8B61B1DF2AFE891300A82E9D /* FirebaseFirestoreSwift in Frameworks */ = {isa = PBXBuildFile; productRef = 8B61B1DE2AFE891300A82E9D /* FirebaseFirestoreSwift */; };
		8B61B1E12AFE891300A82E9D /* FirebaseFunctions in Frameworks */ = {isa = PBXBuildFile; productRef = 8B61B1E02AFE891300A82E9D /* FirebaseFunctions */; };
		8B61B1E32AFE891300A82E9D /* FirebaseFunctionsCombine-Community in Frameworks */ = {isa = PBXBuildFile; productRef = 8B61B1E22AFE891300A82E9D /* FirebaseFunctionsCombine-Community */; };
		8B61B1E52AFE891300A82E9D /* FirebaseInAppMessaging-Beta in Frameworks */ = {isa = PBXBuildFile; productRef = 8B61B1E42AFE891300A82E9D /* FirebaseInAppMessaging-Beta */; };
		8B61B1E72AFE891300A82E9D /* FirebaseInAppMessagingSwift-Beta in Frameworks */ = {isa = PBXBuildFile; productRef = 8B61B1E62AFE891300A82E9D /* FirebaseInAppMessagingSwift-Beta */; };
		8B61B1E92AFE891300A82E9D /* FirebaseInstallations in Frameworks */ = {isa = PBXBuildFile; productRef = 8B61B1E82AFE891300A82E9D /* FirebaseInstallations */; };
		8B61B1EB2AFE891300A82E9D /* FirebaseMLModelDownloader in Frameworks */ = {isa = PBXBuildFile; productRef = 8B61B1EA2AFE891300A82E9D /* FirebaseMLModelDownloader */; };
		8B61B1ED2AFE891300A82E9D /* FirebaseMessaging in Frameworks */ = {isa = PBXBuildFile; productRef = 8B61B1EC2AFE891300A82E9D /* FirebaseMessaging */; };
		8B61B1EF2AFE891300A82E9D /* FirebasePerformance in Frameworks */ = {isa = PBXBuildFile; productRef = 8B61B1EE2AFE891300A82E9D /* FirebasePerformance */; };
		8B61B1F12AFE891300A82E9D /* FirebaseRemoteConfig in Frameworks */ = {isa = PBXBuildFile; productRef = 8B61B1F02AFE891300A82E9D /* FirebaseRemoteConfig */; };
		8B61B1F32AFE891300A82E9D /* FirebaseRemoteConfigSwift in Frameworks */ = {isa = PBXBuildFile; productRef = 8B61B1F22AFE891300A82E9D /* FirebaseRemoteConfigSwift */; };
		8B61B1F52AFE891300A82E9D /* FirebaseStorage in Frameworks */ = {isa = PBXBuildFile; productRef = 8B61B1F42AFE891300A82E9D /* FirebaseStorage */; };
		8B61B1F72AFE891300A82E9D /* FirebaseStorageCombine-Community in Frameworks */ = {isa = PBXBuildFile; productRef = 8B61B1F62AFE891300A82E9D /* FirebaseStorageCombine-Community */; };
/* End PBXBuildFile section */

/* Begin PBXFileReference section */
		8B2B3D2A2B03C256003EE977 /* RegistrationView.swift */ = {isa = PBXFileReference; lastKnownFileType = sourcecode.swift; path = RegistrationView.swift; sourceTree = "<group>"; };
		8B2B3D2C2B03C74C003EE977 /* RoleView.swift */ = {isa = PBXFileReference; lastKnownFileType = sourcecode.swift; path = RoleView.swift; sourceTree = "<group>"; };
		8B2B3D2E2B03DEC2003EE977 /* RegistrationForProffesor.swift */ = {isa = PBXFileReference; lastKnownFileType = sourcecode.swift; path = RegistrationForProffesor.swift; sourceTree = "<group>"; };
		8B43E59C2B0257BB00AB5ACB /* GoogleService-Info.plist */ = {isa = PBXFileReference; fileEncoding = 4; lastKnownFileType = text.plist.xml; path = "GoogleService-Info.plist"; sourceTree = "<group>"; };
		8B43E59E2B0258A900AB5ACB /* LogIn.swift */ = {isa = PBXFileReference; lastKnownFileType = sourcecode.swift; path = LogIn.swift; sourceTree = "<group>"; };
		8B43E5A02B025B1900AB5ACB /* Ubuntu-Regular.ttf */ = {isa = PBXFileReference; lastKnownFileType = file; path = "Ubuntu-Regular.ttf"; sourceTree = "<group>"; };
		8B43E5A22B025BF900AB5ACB /* Info.plist */ = {isa = PBXFileReference; lastKnownFileType = text.plist; path = Info.plist; sourceTree = "<group>"; };
		8B43E5A42B02656000AB5ACB /* Ubuntu-Bold.ttf */ = {isa = PBXFileReference; lastKnownFileType = file; path = "Ubuntu-Bold.ttf"; sourceTree = "<group>"; };
		8B61B1AE2AFE80AC00A82E9D /* TimeTableAppStart.app */ = {isa = PBXFileReference; explicitFileType = wrapper.application; includeInIndex = 0; path = TimeTableAppStart.app; sourceTree = BUILT_PRODUCTS_DIR; };
		8B61B1B12AFE80AC00A82E9D /* TimeTableAppStartApp.swift */ = {isa = PBXFileReference; lastKnownFileType = sourcecode.swift; path = TimeTableAppStartApp.swift; sourceTree = "<group>"; };
		8B61B1B32AFE80AC00A82E9D /* ContentView.swift */ = {isa = PBXFileReference; lastKnownFileType = sourcecode.swift; path = ContentView.swift; sourceTree = "<group>"; };
		8B61B1B52AFE80AE00A82E9D /* Assets.xcassets */ = {isa = PBXFileReference; lastKnownFileType = folder.assetcatalog; path = Assets.xcassets; sourceTree = "<group>"; };
		8B61B1B82AFE80AE00A82E9D /* Preview Assets.xcassets */ = {isa = PBXFileReference; lastKnownFileType = folder.assetcatalog; path = "Preview Assets.xcassets"; sourceTree = "<group>"; };
/* End PBXFileReference section */

/* Begin PBXFrameworksBuildPhase section */
		8B61B1AB2AFE80AC00A82E9D /* Frameworks */ = {
			isa = PBXFrameworksBuildPhase;
			buildActionMask = 2147483647;
			files = (
				8B61B1D52AFE891300A82E9D /* FirebaseDatabase in Frameworks */,
				8B61B1E32AFE891300A82E9D /* FirebaseFunctionsCombine-Community in Frameworks */,
				8B61B1DB2AFE891300A82E9D /* FirebaseFirestore in Frameworks */,
				8B61B1C72AFE891300A82E9D /* FirebaseAnalyticsSwift in Frameworks */,
				8B61B1C32AFE891300A82E9D /* FirebaseAnalytics in Frameworks */,
				8B61B1C52AFE891300A82E9D /* FirebaseAnalyticsOnDeviceConversion in Frameworks */,
				8B61B1EB2AFE891300A82E9D /* FirebaseMLModelDownloader in Frameworks */,
				8B61B1DF2AFE891300A82E9D /* FirebaseFirestoreSwift in Frameworks */,
				8B61B1CB2AFE891300A82E9D /* FirebaseAppCheck in Frameworks */,
				8B61B1C92AFE891300A82E9D /* FirebaseAnalyticsWithoutAdIdSupport in Frameworks */,
				8B61B1CF2AFE891300A82E9D /* FirebaseAuth in Frameworks */,
				8B61B1D32AFE891300A82E9D /* FirebaseCrashlytics in Frameworks */,
				8B61B1F32AFE891300A82E9D /* FirebaseRemoteConfigSwift in Frameworks */,
				8B61B1E52AFE891300A82E9D /* FirebaseInAppMessaging-Beta in Frameworks */,
				8B61B1D72AFE891300A82E9D /* FirebaseDatabaseSwift in Frameworks */,
				8B61B1E12AFE891300A82E9D /* FirebaseFunctions in Frameworks */,
				8B61B1F72AFE891300A82E9D /* FirebaseStorageCombine-Community in Frameworks */,
				8B61B1F12AFE891300A82E9D /* FirebaseRemoteConfig in Frameworks */,
				8B61B1CD2AFE891300A82E9D /* FirebaseAppDistribution-Beta in Frameworks */,
				8B61B1D12AFE891300A82E9D /* FirebaseAuthCombine-Community in Frameworks */,
				8B61B1EF2AFE891300A82E9D /* FirebasePerformance in Frameworks */,
				8B61B1E72AFE891300A82E9D /* FirebaseInAppMessagingSwift-Beta in Frameworks */,
				8B61B1F52AFE891300A82E9D /* FirebaseStorage in Frameworks */,
				8B61B1D92AFE891300A82E9D /* FirebaseDynamicLinks in Frameworks */,
				8B61B1DD2AFE891300A82E9D /* FirebaseFirestoreCombine-Community in Frameworks */,
				8B61B1ED2AFE891300A82E9D /* FirebaseMessaging in Frameworks */,
				8B61B1E92AFE891300A82E9D /* FirebaseInstallations in Frameworks */,
			);
			runOnlyForDeploymentPostprocessing = 0;
		};
/* End PBXFrameworksBuildPhase section */

/* Begin PBXGroup section */
		8B43E59B2B02547400AB5ACB /* Authentication */ = {
			isa = PBXGroup;
			children = (
				8B43E59E2B0258A900AB5ACB /* LogIn.swift */,
				8B2B3D2C2B03C74C003EE977 /* RoleView.swift */,
				8B2B3D2A2B03C256003EE977 /* RegistrationView.swift */,
				8B2B3D2E2B03DEC2003EE977 /* RegistrationForProffesor.swift */,
			);
			path = Authentication;
			sourceTree = "<group>";
		};
		8B43E5A32B025C4A00AB5ACB /* Fonts */ = {
			isa = PBXGroup;
			children = (
				8B43E5A42B02656000AB5ACB /* Ubuntu-Bold.ttf */,
				8B43E5A02B025B1900AB5ACB /* Ubuntu-Regular.ttf */,
			);
			path = Fonts;
			sourceTree = "<group>";
		};
		8B61B1A52AFE80AC00A82E9D = {
			isa = PBXGroup;
			children = (
				8B61B1B02AFE80AC00A82E9D /* TimeTableAppStart */,
				8B61B1AF2AFE80AC00A82E9D /* Products */,
			);
			sourceTree = "<group>";
		};
		8B61B1AF2AFE80AC00A82E9D /* Products */ = {
			isa = PBXGroup;
			children = (
				8B61B1AE2AFE80AC00A82E9D /* TimeTableAppStart.app */,
			);
			name = Products;
			sourceTree = "<group>";
		};
		8B61B1B02AFE80AC00A82E9D /* TimeTableAppStart */ = {
			isa = PBXGroup;
			children = (
				8B43E5A32B025C4A00AB5ACB /* Fonts */,
				8B43E59B2B02547400AB5ACB /* Authentication */,
				8B61B1B12AFE80AC00A82E9D /* TimeTableAppStartApp.swift */,
				8B61B1B32AFE80AC00A82E9D /* ContentView.swift */,
				8B43E59C2B0257BB00AB5ACB /* GoogleService-Info.plist */,
				8B61B1B52AFE80AE00A82E9D /* Assets.xcassets */,
				8B43E5A22B025BF900AB5ACB /* Info.plist */,
				8B61B1B72AFE80AE00A82E9D /* Preview Content */,
			);
			path = TimeTableAppStart;
			sourceTree = "<group>";
		};
		8B61B1B72AFE80AE00A82E9D /* Preview Content */ = {
			isa = PBXGroup;
			children = (
				8B61B1B82AFE80AE00A82E9D /* Preview Assets.xcassets */,
			);
			path = "Preview Content";
			sourceTree = "<group>";
		};
/* End PBXGroup section */

/* Begin PBXNativeTarget section */
		8B61B1AD2AFE80AC00A82E9D /* TimeTableAppStart */ = {
			isa = PBXNativeTarget;
			buildConfigurationList = 8B61B1BC2AFE80AE00A82E9D /* Build configuration list for PBXNativeTarget "TimeTableAppStart" */;
			buildPhases = (
				8B61B1AA2AFE80AC00A82E9D /* Sources */,
				8B61B1AB2AFE80AC00A82E9D /* Frameworks */,
				8B61B1AC2AFE80AC00A82E9D /* Resources */,
			);
			buildRules = (
			);
			dependencies = (
			);
			name = TimeTableAppStart;
			packageProductDependencies = (
				8B61B1C22AFE891300A82E9D /* FirebaseAnalytics */,
				8B61B1C42AFE891300A82E9D /* FirebaseAnalyticsOnDeviceConversion */,
				8B61B1C62AFE891300A82E9D /* FirebaseAnalyticsSwift */,
				8B61B1C82AFE891300A82E9D /* FirebaseAnalyticsWithoutAdIdSupport */,
				8B61B1CA2AFE891300A82E9D /* FirebaseAppCheck */,
				8B61B1CC2AFE891300A82E9D /* FirebaseAppDistribution-Beta */,
				8B61B1CE2AFE891300A82E9D /* FirebaseAuth */,
				8B61B1D02AFE891300A82E9D /* FirebaseAuthCombine-Community */,
				8B61B1D22AFE891300A82E9D /* FirebaseCrashlytics */,
				8B61B1D42AFE891300A82E9D /* FirebaseDatabase */,
				8B61B1D62AFE891300A82E9D /* FirebaseDatabaseSwift */,
				8B61B1D82AFE891300A82E9D /* FirebaseDynamicLinks */,
				8B61B1DA2AFE891300A82E9D /* FirebaseFirestore */,
				8B61B1DC2AFE891300A82E9D /* FirebaseFirestoreCombine-Community */,
				8B61B1DE2AFE891300A82E9D /* FirebaseFirestoreSwift */,
				8B61B1E02AFE891300A82E9D /* FirebaseFunctions */,
				8B61B1E22AFE891300A82E9D /* FirebaseFunctionsCombine-Community */,
				8B61B1E42AFE891300A82E9D /* FirebaseInAppMessaging-Beta */,
				8B61B1E62AFE891300A82E9D /* FirebaseInAppMessagingSwift-Beta */,
				8B61B1E82AFE891300A82E9D /* FirebaseInstallations */,
				8B61B1EA2AFE891300A82E9D /* FirebaseMLModelDownloader */,
				8B61B1EC2AFE891300A82E9D /* FirebaseMessaging */,
				8B61B1EE2AFE891300A82E9D /* FirebasePerformance */,
				8B61B1F02AFE891300A82E9D /* FirebaseRemoteConfig */,
				8B61B1F22AFE891300A82E9D /* FirebaseRemoteConfigSwift */,
				8B61B1F42AFE891300A82E9D /* FirebaseStorage */,
				8B61B1F62AFE891300A82E9D /* FirebaseStorageCombine-Community */,
			);
			productName = TimeTableAppStart;
			productReference = 8B61B1AE2AFE80AC00A82E9D /* TimeTableAppStart.app */;
			productType = "com.apple.product-type.application";
		};
/* End PBXNativeTarget section */

/* Begin PBXProject section */
		8B61B1A62AFE80AC00A82E9D /* Project object */ = {
			isa = PBXProject;
			attributes = {
				BuildIndependentTargetsInParallel = 1;
				LastSwiftUpdateCheck = 1500;
				LastUpgradeCheck = 1500;
				TargetAttributes = {
					8B61B1AD2AFE80AC00A82E9D = {
						CreatedOnToolsVersion = 15.0;
					};
				};
			};
			buildConfigurationList = 8B61B1A92AFE80AC00A82E9D /* Build configuration list for PBXProject "TimeTableAppStart" */;
			compatibilityVersion = "Xcode 14.0";
			developmentRegion = en;
			hasScannedForEncodings = 0;
			knownRegions = (
				en,
				Base,
			);
			mainGroup = 8B61B1A52AFE80AC00A82E9D;
			packageReferences = (
				8B61B1C12AFE891300A82E9D /* XCRemoteSwiftPackageReference "firebase-ios-sdk" */,
			);
			productRefGroup = 8B61B1AF2AFE80AC00A82E9D /* Products */;
			projectDirPath = "";
			projectRoot = "";
			targets = (
				8B61B1AD2AFE80AC00A82E9D /* TimeTableAppStart */,
			);
		};
/* End PBXProject section */

/* Begin PBXResourcesBuildPhase section */
		8B61B1AC2AFE80AC00A82E9D /* Resources */ = {
			isa = PBXResourcesBuildPhase;
			buildActionMask = 2147483647;
			files = (
				8B43E5A52B02656000AB5ACB /* Ubuntu-Bold.ttf in Resources */,
				8B43E5A12B025B2B00AB5ACB /* Ubuntu-Regular.ttf in Resources */,
				8B61B1B92AFE80AE00A82E9D /* Preview Assets.xcassets in Resources */,
				8B43E59D2B0257BC00AB5ACB /* GoogleService-Info.plist in Resources */,
				8B61B1B62AFE80AE00A82E9D /* Assets.xcassets in Resources */,
			);
			runOnlyForDeploymentPostprocessing = 0;
		};
/* End PBXResourcesBuildPhase section */

/* Begin PBXSourcesBuildPhase section */
		8B61B1AA2AFE80AC00A82E9D /* Sources */ = {
			isa = PBXSourcesBuildPhase;
			buildActionMask = 2147483647;
			files = (
				8B61B1B42AFE80AC00A82E9D /* ContentView.swift in Sources */,
				8B2B3D2F2B03DEC2003EE977 /* RegistrationForProffesor.swift in Sources */,
				8B2B3D2D2B03C74C003EE977 /* RoleView.swift in Sources */,
				8B43E59F2B0258A900AB5ACB /* LogIn.swift in Sources */,
				8B61B1B22AFE80AC00A82E9D /* TimeTableAppStartApp.swift in Sources */,
				8B2B3D2B2B03C256003EE977 /* RegistrationView.swift in Sources */,
			);
			runOnlyForDeploymentPostprocessing = 0;
		};
/* End PBXSourcesBuildPhase section */

/* Begin XCBuildConfiguration section */
		8B61B1BA2AFE80AE00A82E9D /* Debug */ = {
			isa = XCBuildConfiguration;
			buildSettings = {
				ALWAYS_SEARCH_USER_PATHS = NO;
				ASSETCATALOG_COMPILER_GENERATE_SWIFT_ASSET_SYMBOL_EXTENSIONS = YES;
				CLANG_ANALYZER_NONNULL = YES;
				CLANG_ANALYZER_NUMBER_OBJECT_CONVERSION = YES_AGGRESSIVE;
				CLANG_CXX_LANGUAGE_STANDARD = "gnu++20";
				CLANG_ENABLE_MODULES = YES;
				CLANG_ENABLE_OBJC_ARC = YES;
				CLANG_ENABLE_OBJC_WEAK = YES;
				CLANG_WARN_BLOCK_CAPTURE_AUTORELEASING = YES;
				CLANG_WARN_BOOL_CONVERSION = YES;
				CLANG_WARN_COMMA = YES;
				CLANG_WARN_CONSTANT_CONVERSION = YES;
				CLANG_WARN_DEPRECATED_OBJC_IMPLEMENTATIONS = YES;
				CLANG_WARN_DIRECT_OBJC_ISA_USAGE = YES_ERROR;
				CLANG_WARN_DOCUMENTATION_COMMENTS = YES;
				CLANG_WARN_EMPTY_BODY = YES;
				CLANG_WARN_ENUM_CONVERSION = YES;
				CLANG_WARN_INFINITE_RECURSION = YES;
				CLANG_WARN_INT_CONVERSION = YES;
				CLANG_WARN_NON_LITERAL_NULL_CONVERSION = YES;
				CLANG_WARN_OBJC_IMPLICIT_RETAIN_SELF = YES;
				CLANG_WARN_OBJC_LITERAL_CONVERSION = YES;
				CLANG_WARN_OBJC_ROOT_CLASS = YES_ERROR;
				CLANG_WARN_QUOTED_INCLUDE_IN_FRAMEWORK_HEADER = YES;
				CLANG_WARN_RANGE_LOOP_ANALYSIS = YES;
				CLANG_WARN_STRICT_PROTOTYPES = YES;
				CLANG_WARN_SUSPICIOUS_MOVE = YES;
				CLANG_WARN_UNGUARDED_AVAILABILITY = YES_AGGRESSIVE;
				CLANG_WARN_UNREACHABLE_CODE = YES;
				CLANG_WARN__DUPLICATE_METHOD_MATCH = YES;
				COPY_PHASE_STRIP = NO;
				DEBUG_INFORMATION_FORMAT = dwarf;
				ENABLE_STRICT_OBJC_MSGSEND = YES;
				ENABLE_TESTABILITY = YES;
				ENABLE_USER_SCRIPT_SANDBOXING = YES;
				GCC_C_LANGUAGE_STANDARD = gnu17;
				GCC_DYNAMIC_NO_PIC = NO;
				GCC_NO_COMMON_BLOCKS = YES;
				GCC_OPTIMIZATION_LEVEL = 0;
				GCC_PREPROCESSOR_DEFINITIONS = (
					"DEBUG=1",
					"$(inherited)",
				);
				GCC_WARN_64_TO_32_BIT_CONVERSION = YES;
				GCC_WARN_ABOUT_RETURN_TYPE = YES_ERROR;
				GCC_WARN_UNDECLARED_SELECTOR = YES;
				GCC_WARN_UNINITIALIZED_AUTOS = YES_AGGRESSIVE;
				GCC_WARN_UNUSED_FUNCTION = YES;
				GCC_WARN_UNUSED_VARIABLE = YES;
				IPHONEOS_DEPLOYMENT_TARGET = 17.0;
				LOCALIZATION_PREFERS_STRING_CATALOGS = YES;
				MTL_ENABLE_DEBUG_INFO = INCLUDE_SOURCE;
				MTL_FAST_MATH = YES;
				ONLY_ACTIVE_ARCH = YES;
				SDKROOT = iphoneos;
				SWIFT_ACTIVE_COMPILATION_CONDITIONS = "DEBUG $(inherited)";
				SWIFT_OPTIMIZATION_LEVEL = "-Onone";
			};
			name = Debug;
		};
		8B61B1BB2AFE80AE00A82E9D /* Release */ = {
			isa = XCBuildConfiguration;
			buildSettings = {
				ALWAYS_SEARCH_USER_PATHS = NO;
				ASSETCATALOG_COMPILER_GENERATE_SWIFT_ASSET_SYMBOL_EXTENSIONS = YES;
				CLANG_ANALYZER_NONNULL = YES;
				CLANG_ANALYZER_NUMBER_OBJECT_CONVERSION = YES_AGGRESSIVE;
				CLANG_CXX_LANGUAGE_STANDARD = "gnu++20";
				CLANG_ENABLE_MODULES = YES;
				CLANG_ENABLE_OBJC_ARC = YES;
				CLANG_ENABLE_OBJC_WEAK = YES;
				CLANG_WARN_BLOCK_CAPTURE_AUTORELEASING = YES;
				CLANG_WARN_BOOL_CONVERSION = YES;
				CLANG_WARN_COMMA = YES;
				CLANG_WARN_CONSTANT_CONVERSION = YES;
				CLANG_WARN_DEPRECATED_OBJC_IMPLEMENTATIONS = YES;
				CLANG_WARN_DIRECT_OBJC_ISA_USAGE = YES_ERROR;
				CLANG_WARN_DOCUMENTATION_COMMENTS = YES;
				CLANG_WARN_EMPTY_BODY = YES;
				CLANG_WARN_ENUM_CONVERSION = YES;
				CLANG_WARN_INFINITE_RECURSION = YES;
				CLANG_WARN_INT_CONVERSION = YES;
				CLANG_WARN_NON_LITERAL_NULL_CONVERSION = YES;
				CLANG_WARN_OBJC_IMPLICIT_RETAIN_SELF = YES;
				CLANG_WARN_OBJC_LITERAL_CONVERSION = YES;
				CLANG_WARN_OBJC_ROOT_CLASS = YES_ERROR;
				CLANG_WARN_QUOTED_INCLUDE_IN_FRAMEWORK_HEADER = YES;
				CLANG_WARN_RANGE_LOOP_ANALYSIS = YES;
				CLANG_WARN_STRICT_PROTOTYPES = YES;
				CLANG_WARN_SUSPICIOUS_MOVE = YES;
				CLANG_WARN_UNGUARDED_AVAILABILITY = YES_AGGRESSIVE;
				CLANG_WARN_UNREACHABLE_CODE = YES;
				CLANG_WARN__DUPLICATE_METHOD_MATCH = YES;
				COPY_PHASE_STRIP = NO;
				DEBUG_INFORMATION_FORMAT = "dwarf-with-dsym";
				ENABLE_NS_ASSERTIONS = NO;
				ENABLE_STRICT_OBJC_MSGSEND = YES;
				ENABLE_USER_SCRIPT_SANDBOXING = YES;
				GCC_C_LANGUAGE_STANDARD = gnu17;
				GCC_NO_COMMON_BLOCKS = YES;
				GCC_WARN_64_TO_32_BIT_CONVERSION = YES;
				GCC_WARN_ABOUT_RETURN_TYPE = YES_ERROR;
				GCC_WARN_UNDECLARED_SELECTOR = YES;
				GCC_WARN_UNINITIALIZED_AUTOS = YES_AGGRESSIVE;
				GCC_WARN_UNUSED_FUNCTION = YES;
				GCC_WARN_UNUSED_VARIABLE = YES;
				IPHONEOS_DEPLOYMENT_TARGET = 17.0;
				LOCALIZATION_PREFERS_STRING_CATALOGS = YES;
				MTL_ENABLE_DEBUG_INFO = NO;
				MTL_FAST_MATH = YES;
				SDKROOT = iphoneos;
				SWIFT_COMPILATION_MODE = wholemodule;
				VALIDATE_PRODUCT = YES;
			};
			name = Release;
		};
		8B61B1BD2AFE80AE00A82E9D /* Debug */ = {
			isa = XCBuildConfiguration;
			buildSettings = {
				ASSETCATALOG_COMPILER_APPICON_NAME = AppIcon;
				ASSETCATALOG_COMPILER_GLOBAL_ACCENT_COLOR_NAME = AccentColor;
				CODE_SIGN_STYLE = Automatic;
				CURRENT_PROJECT_VERSION = 1;
				DEVELOPMENT_ASSET_PATHS = "\"TimeTableAppStart/Preview Content\"";
				DEVELOPMENT_TEAM = 7VYTTPPWD6;
				ENABLE_PREVIEWS = YES;
				GENERATE_INFOPLIST_FILE = YES;
				INFOPLIST_FILE = TimeTableAppStart/Info.plist;
				INFOPLIST_KEY_UIApplicationSceneManifest_Generation = YES;
				INFOPLIST_KEY_UIApplicationSupportsIndirectInputEvents = YES;
				INFOPLIST_KEY_UILaunchScreen_Generation = YES;
				INFOPLIST_KEY_UISupportedInterfaceOrientations_iPad = "UIInterfaceOrientationPortrait UIInterfaceOrientationPortraitUpsideDown UIInterfaceOrientationLandscapeLeft UIInterfaceOrientationLandscapeRight";
				INFOPLIST_KEY_UISupportedInterfaceOrientations_iPhone = "UIInterfaceOrientationPortrait UIInterfaceOrientationLandscapeLeft UIInterfaceOrientationLandscapeRight";
				INFOPLIST_KEY_UIUserInterfaceStyle = Light;
				LD_RUNPATH_SEARCH_PATHS = (
					"$(inherited)",
					"@executable_path/Frameworks",
				);
				MARKETING_VERSION = 1.0;
				PRODUCT_BUNDLE_IDENTIFIER = com.dashubaa.TimeTableAppStart;
				PRODUCT_NAME = "$(TARGET_NAME)";
				SWIFT_EMIT_LOC_STRINGS = YES;
				SWIFT_VERSION = 5.0;
				TARGETED_DEVICE_FAMILY = "1,2";
			};
			name = Debug;
		};
		8B61B1BE2AFE80AE00A82E9D /* Release */ = {
			isa = XCBuildConfiguration;
			buildSettings = {
				ASSETCATALOG_COMPILER_APPICON_NAME = AppIcon;
				ASSETCATALOG_COMPILER_GLOBAL_ACCENT_COLOR_NAME = AccentColor;
				CODE_SIGN_STYLE = Automatic;
				CURRENT_PROJECT_VERSION = 1;
				DEVELOPMENT_ASSET_PATHS = "\"TimeTableAppStart/Preview Content\"";
				DEVELOPMENT_TEAM = 7VYTTPPWD6;
				ENABLE_PREVIEWS = YES;
				GENERATE_INFOPLIST_FILE = YES;
				INFOPLIST_FILE = TimeTableAppStart/Info.plist;
				INFOPLIST_KEY_UIApplicationSceneManifest_Generation = YES;
				INFOPLIST_KEY_UIApplicationSupportsIndirectInputEvents = YES;
				INFOPLIST_KEY_UILaunchScreen_Generation = YES;
				INFOPLIST_KEY_UISupportedInterfaceOrientations_iPad = "UIInterfaceOrientationPortrait UIInterfaceOrientationPortraitUpsideDown UIInterfaceOrientationLandscapeLeft UIInterfaceOrientationLandscapeRight";
				INFOPLIST_KEY_UISupportedInterfaceOrientations_iPhone = "UIInterfaceOrientationPortrait UIInterfaceOrientationLandscapeLeft UIInterfaceOrientationLandscapeRight";
				INFOPLIST_KEY_UIUserInterfaceStyle = Light;
				LD_RUNPATH_SEARCH_PATHS = (
					"$(inherited)",
					"@executable_path/Frameworks",
				);
				MARKETING_VERSION = 1.0;
				PRODUCT_BUNDLE_IDENTIFIER = com.dashubaa.TimeTableAppStart;
				PRODUCT_NAME = "$(TARGET_NAME)";
				SWIFT_EMIT_LOC_STRINGS = YES;
				SWIFT_VERSION = 5.0;
				TARGETED_DEVICE_FAMILY = "1,2";
			};
			name = Release;
		};
/* End XCBuildConfiguration section */

/* Begin XCConfigurationList section */
		8B61B1A92AFE80AC00A82E9D /* Build configuration list for PBXProject "TimeTableAppStart" */ = {
			isa = XCConfigurationList;
			buildConfigurations = (
				8B61B1BA2AFE80AE00A82E9D /* Debug */,
				8B61B1BB2AFE80AE00A82E9D /* Release */,
			);
			defaultConfigurationIsVisible = 0;
			defaultConfigurationName = Release;
		};
		8B61B1BC2AFE80AE00A82E9D /* Build configuration list for PBXNativeTarget "TimeTableAppStart" */ = {
			isa = XCConfigurationList;
			buildConfigurations = (
				8B61B1BD2AFE80AE00A82E9D /* Debug */,
				8B61B1BE2AFE80AE00A82E9D /* Release */,
			);
			defaultConfigurationIsVisible = 0;
			defaultConfigurationName = Release;
		};
/* End XCConfigurationList section */

/* Begin XCRemoteSwiftPackageReference section */
		8B61B1C12AFE891300A82E9D /* XCRemoteSwiftPackageReference "firebase-ios-sdk" */ = {
			isa = XCRemoteSwiftPackageReference;
			repositoryURL = "https://github.com/firebase/firebase-ios-sdk";
			requirement = {
				kind = upToNextMajorVersion;
				minimumVersion = 10.17.0;
			};
		};
/* End XCRemoteSwiftPackageReference section */

/* Begin XCSwiftPackageProductDependency section */
		8B61B1C22AFE891300A82E9D /* FirebaseAnalytics */ = {
			isa = XCSwiftPackageProductDependency;
			package = 8B61B1C12AFE891300A82E9D /* XCRemoteSwiftPackageReference "firebase-ios-sdk" */;
			productName = FirebaseAnalytics;
		};
		8B61B1C42AFE891300A82E9D /* FirebaseAnalyticsOnDeviceConversion */ = {
			isa = XCSwiftPackageProductDependency;
			package = 8B61B1C12AFE891300A82E9D /* XCRemoteSwiftPackageReference "firebase-ios-sdk" */;
			productName = FirebaseAnalyticsOnDeviceConversion;
		};
		8B61B1C62AFE891300A82E9D /* FirebaseAnalyticsSwift */ = {
			isa = XCSwiftPackageProductDependency;
			package = 8B61B1C12AFE891300A82E9D /* XCRemoteSwiftPackageReference "firebase-ios-sdk" */;
			productName = FirebaseAnalyticsSwift;
		};
		8B61B1C82AFE891300A82E9D /* FirebaseAnalyticsWithoutAdIdSupport */ = {
			isa = XCSwiftPackageProductDependency;
			package = 8B61B1C12AFE891300A82E9D /* XCRemoteSwiftPackageReference "firebase-ios-sdk" */;
			productName = FirebaseAnalyticsWithoutAdIdSupport;
		};
		8B61B1CA2AFE891300A82E9D /* FirebaseAppCheck */ = {
			isa = XCSwiftPackageProductDependency;
			package = 8B61B1C12AFE891300A82E9D /* XCRemoteSwiftPackageReference "firebase-ios-sdk" */;
			productName = FirebaseAppCheck;
		};
		8B61B1CC2AFE891300A82E9D /* FirebaseAppDistribution-Beta */ = {
			isa = XCSwiftPackageProductDependency;
			package = 8B61B1C12AFE891300A82E9D /* XCRemoteSwiftPackageReference "firebase-ios-sdk" */;
			productName = "FirebaseAppDistribution-Beta";
		};
		8B61B1CE2AFE891300A82E9D /* FirebaseAuth */ = {
			isa = XCSwiftPackageProductDependency;
			package = 8B61B1C12AFE891300A82E9D /* XCRemoteSwiftPackageReference "firebase-ios-sdk" */;
			productName = FirebaseAuth;
		};
		8B61B1D02AFE891300A82E9D /* FirebaseAuthCombine-Community */ = {
			isa = XCSwiftPackageProductDependency;
			package = 8B61B1C12AFE891300A82E9D /* XCRemoteSwiftPackageReference "firebase-ios-sdk" */;
			productName = "FirebaseAuthCombine-Community";
		};
		8B61B1D22AFE891300A82E9D /* FirebaseCrashlytics */ = {
			isa = XCSwiftPackageProductDependency;
			package = 8B61B1C12AFE891300A82E9D /* XCRemoteSwiftPackageReference "firebase-ios-sdk" */;
			productName = FirebaseCrashlytics;
		};
		8B61B1D42AFE891300A82E9D /* FirebaseDatabase */ = {
			isa = XCSwiftPackageProductDependency;
			package = 8B61B1C12AFE891300A82E9D /* XCRemoteSwiftPackageReference "firebase-ios-sdk" */;
			productName = FirebaseDatabase;
		};
		8B61B1D62AFE891300A82E9D /* FirebaseDatabaseSwift */ = {
			isa = XCSwiftPackageProductDependency;
			package = 8B61B1C12AFE891300A82E9D /* XCRemoteSwiftPackageReference "firebase-ios-sdk" */;
			productName = FirebaseDatabaseSwift;
		};
		8B61B1D82AFE891300A82E9D /* FirebaseDynamicLinks */ = {
			isa = XCSwiftPackageProductDependency;
			package = 8B61B1C12AFE891300A82E9D /* XCRemoteSwiftPackageReference "firebase-ios-sdk" */;
			productName = FirebaseDynamicLinks;
		};
		8B61B1DA2AFE891300A82E9D /* FirebaseFirestore */ = {
			isa = XCSwiftPackageProductDependency;
			package = 8B61B1C12AFE891300A82E9D /* XCRemoteSwiftPackageReference "firebase-ios-sdk" */;
			productName = FirebaseFirestore;
		};
		8B61B1DC2AFE891300A82E9D /* FirebaseFirestoreCombine-Community */ = {
			isa = XCSwiftPackageProductDependency;
			package = 8B61B1C12AFE891300A82E9D /* XCRemoteSwiftPackageReference "firebase-ios-sdk" */;
			productName = "FirebaseFirestoreCombine-Community";
		};
		8B61B1DE2AFE891300A82E9D /* FirebaseFirestoreSwift */ = {
			isa = XCSwiftPackageProductDependency;
			package = 8B61B1C12AFE891300A82E9D /* XCRemoteSwiftPackageReference "firebase-ios-sdk" */;
			productName = FirebaseFirestoreSwift;
		};
		8B61B1E02AFE891300A82E9D /* FirebaseFunctions */ = {
			isa = XCSwiftPackageProductDependency;
			package = 8B61B1C12AFE891300A82E9D /* XCRemoteSwiftPackageReference "firebase-ios-sdk" */;
			productName = FirebaseFunctions;
		};
		8B61B1E22AFE891300A82E9D /* FirebaseFunctionsCombine-Community */ = {
			isa = XCSwiftPackageProductDependency;
			package = 8B61B1C12AFE891300A82E9D /* XCRemoteSwiftPackageReference "firebase-ios-sdk" */;
			productName = "FirebaseFunctionsCombine-Community";
		};
		8B61B1E42AFE891300A82E9D /* FirebaseInAppMessaging-Beta */ = {
			isa = XCSwiftPackageProductDependency;
			package = 8B61B1C12AFE891300A82E9D /* XCRemoteSwiftPackageReference "firebase-ios-sdk" */;
			productName = "FirebaseInAppMessaging-Beta";
		};
		8B61B1E62AFE891300A82E9D /* FirebaseInAppMessagingSwift-Beta */ = {
			isa = XCSwiftPackageProductDependency;
			package = 8B61B1C12AFE891300A82E9D /* XCRemoteSwiftPackageReference "firebase-ios-sdk" */;
			productName = "FirebaseInAppMessagingSwift-Beta";
		};
		8B61B1E82AFE891300A82E9D /* FirebaseInstallations */ = {
			isa = XCSwiftPackageProductDependency;
			package = 8B61B1C12AFE891300A82E9D /* XCRemoteSwiftPackageReference "firebase-ios-sdk" */;
			productName = FirebaseInstallations;
		};
		8B61B1EA2AFE891300A82E9D /* FirebaseMLModelDownloader */ = {
			isa = XCSwiftPackageProductDependency;
			package = 8B61B1C12AFE891300A82E9D /* XCRemoteSwiftPackageReference "firebase-ios-sdk" */;
			productName = FirebaseMLModelDownloader;
		};
		8B61B1EC2AFE891300A82E9D /* FirebaseMessaging */ = {
			isa = XCSwiftPackageProductDependency;
			package = 8B61B1C12AFE891300A82E9D /* XCRemoteSwiftPackageReference "firebase-ios-sdk" */;
			productName = FirebaseMessaging;
		};
		8B61B1EE2AFE891300A82E9D /* FirebasePerformance */ = {
			isa = XCSwiftPackageProductDependency;
			package = 8B61B1C12AFE891300A82E9D /* XCRemoteSwiftPackageReference "firebase-ios-sdk" */;
			productName = FirebasePerformance;
		};
		8B61B1F02AFE891300A82E9D /* FirebaseRemoteConfig */ = {
			isa = XCSwiftPackageProductDependency;
			package = 8B61B1C12AFE891300A82E9D /* XCRemoteSwiftPackageReference "firebase-ios-sdk" */;
			productName = FirebaseRemoteConfig;
		};
		8B61B1F22AFE891300A82E9D /* FirebaseRemoteConfigSwift */ = {
			isa = XCSwiftPackageProductDependency;
			package = 8B61B1C12AFE891300A82E9D /* XCRemoteSwiftPackageReference "firebase-ios-sdk" */;
			productName = FirebaseRemoteConfigSwift;
		};
		8B61B1F42AFE891300A82E9D /* FirebaseStorage */ = {
			isa = XCSwiftPackageProductDependency;
			package = 8B61B1C12AFE891300A82E9D /* XCRemoteSwiftPackageReference "firebase-ios-sdk" */;
			productName = FirebaseStorage;
		};
		8B61B1F62AFE891300A82E9D /* FirebaseStorageCombine-Community */ = {
			isa = XCSwiftPackageProductDependency;
			package = 8B61B1C12AFE891300A82E9D /* XCRemoteSwiftPackageReference "firebase-ios-sdk" */;
			productName = "FirebaseStorageCombine-Community";
		};
/* End XCSwiftPackageProductDependency section */
	};
	rootObject = 8B61B1A62AFE80AC00A82E9D /* Project object */;
}
